
Microsoft Visual Studio Solution File, Format Version 12.00
# Visual Studio Version 17
Project("{2150E333-8FDC-42A3-9474-1A3956D46DE8}") = "CMake", "CMake", "{2D16FF99-441F-3E5E-9F91-6364651B47BA}"
EndProject
Project("{8BC9CEB8-8B4A-11D0-8D11-00A0C91BC942}") = "application", "application.vcxproj", "{264B21B2-89A3-3CFD-8185-13721BA9BE8F}"
	ProjectSection(ProjectDependencies) = postProject
		{143644AE-10A4-30D5-993F-1D0C086E881B} = {143644AE-10A4-30D5-993F-1D0C086E881B}
		{7988517D-9229-3042-B429-0CFD08664E21} = {7988517D-9229-3042-B429-0CFD08664E21}
		{15C2AB72-445E-3642-8328-C56B88524B69} = {15C2AB72-445E-3642-8328-C56B88524B69}
	EndProjectSection
EndProject
Project("{8BC9CEB8-8B4A-11D0-8D11-00A0C91BC942}") = "ALL_BUILD", "ALL_BUILD.vcxproj", "{2F491F63-DF8C-3086-A47E-E0E63DDC7083}"
	ProjectSection(ProjectDependencies) = postProject
		{143644AE-10A4-30D5-993F-1D0C086E881B} = {143644AE-10A4-30D5-993F-1D0C086E881B}
		{264B21B2-89A3-3CFD-8185-13721BA9BE8F} = {264B21B2-89A3-3CFD-8185-13721BA9BE8F}
		{7988517D-9229-3042-B429-0CFD08664E21} = {7988517D-9229-3042-B429-0CFD08664E21}
		{15C2AB72-445E-3642-8328-C56B88524B69} = {15C2AB72-445E-3642-8328-C56B88524B69}
		{E0D4E886-E0A6-3D21-9B03-AE9FC8E2A661} = {E0D4E886-E0A6-3D21-9B03-AE9FC8E2A661}
	EndProjectSection
EndProject
Project("{8BC9CEB8-8B4A-11D0-8D11-00A0C91BC942}") = "RUN_TESTS", "RUN_TESTS.vcxproj", "{09A92DA5-B1CC-39D7-A36F-2B344AA8FF30}"
	ProjectSection(ProjectDependencies) = postProject
		{143644AE-10A4-30D5-993F-1D0C086E881B} = {143644AE-10A4-30D5-993F-1D0C086E881B}
	EndProjectSection
EndProject
Project("{8BC9CEB8-8B4A-11D0-8D11-00A0C91BC942}") = "ZERO_CHECK", "ZERO_CHECK.vcxproj", "{143644AE-10A4-30D5-993F-1D0C086E881B}"
	ProjectSection(ProjectDependencies) = postProject
	EndProjectSection
EndProject
Project("{8BC9CEB8-8B4A-11D0-8D11-00A0C91BC942}") = "particlesystem", "particlesystem.vcxproj", "{7988517D-9229-3042-B429-0CFD08664E21}"
	ProjectSection(ProjectDependencies) = postProject
		{143644AE-10A4-30D5-993F-1D0C086E881B} = {143644AE-10A4-30D5-993F-1D0C086E881B}
	EndProjectSection
EndProject
Project("{8BC9CEB8-8B4A-11D0-8D11-00A0C91BC942}") = "rendering", "rendering.vcxproj", "{15C2AB72-445E-3642-8328-C56B88524B69}"
	ProjectSection(ProjectDependencies) = postProject
		{143644AE-10A4-30D5-993F-1D0C086E881B} = {143644AE-10A4-30D5-993F-1D0C086E881B}
	EndProjectSection
EndProject
Project("{8BC9CEB8-8B4A-11D0-8D11-00A0C91BC942}") = "unittest", "unittest.vcxproj", "{E0D4E886-E0A6-3D21-9B03-AE9FC8E2A661}"
	ProjectSection(ProjectDependencies) = postProject
		{143644AE-10A4-30D5-993F-1D0C086E881B} = {143644AE-10A4-30D5-993F-1D0C086E881B}
		{7988517D-9229-3042-B429-0CFD08664E21} = {7988517D-9229-3042-B429-0CFD08664E21}
	EndProjectSection
EndProject
Global
	GlobalSection(SolutionConfigurationPlatforms) = preSolution
		Debug|x64 = Debug|x64
		Release|x64 = Release|x64
		MinSizeRel|x64 = MinSizeRel|x64
		RelWithDebInfo|x64 = RelWithDebInfo|x64
	EndGlobalSection
	GlobalSection(ProjectConfigurationPlatforms) = postSolution
		{264B21B2-89A3-3CFD-8185-13721BA9BE8F}.Debug|x64.ActiveCfg = Debug|x64
		{264B21B2-89A3-3CFD-8185-13721BA9BE8F}.Debug|x64.Build.0 = Debug|x64
		{264B21B2-89A3-3CFD-8185-13721BA9BE8F}.Release|x64.ActiveCfg = Release|x64
		{264B21B2-89A3-3CFD-8185-13721BA9BE8F}.Release|x64.Build.0 = Release|x64
		{264B21B2-89A3-3CFD-8185-13721BA9BE8F}.MinSizeRel|x64.ActiveCfg = MinSizeRel|x64
		{264B21B2-89A3-3CFD-8185-13721BA9BE8F}.MinSizeRel|x64.Build.0 = MinSizeRel|x64
		{264B21B2-89A3-3CFD-8185-13721BA9BE8F}.RelWithDebInfo|x64.ActiveCfg = RelWithDebInfo|x64
		{264B21B2-89A3-3CFD-8185-13721BA9BE8F}.RelWithDebInfo|x64.Build.0 = RelWithDebInfo|x64
		{2F491F63-DF8C-3086-A47E-E0E63DDC7083}.Debug|x64.ActiveCfg = Debug|x64
		{2F491F63-DF8C-3086-A47E-E0E63DDC7083}.Release|x64.ActiveCfg = Release|x64
		{2F491F63-DF8C-3086-A47E-E0E63DDC7083}.MinSizeRel|x64.ActiveCfg = MinSizeRel|x64
		{2F491F63-DF8C-3086-A47E-E0E63DDC7083}.RelWithDebInfo|x64.ActiveCfg = RelWithDebInfo|x64
		{09A92DA5-B1CC-39D7-A36F-2B344AA8FF30}.Debug|x64.ActiveCfg = Debug|x64
		{09A92DA5-B1CC-39D7-A36F-2B344AA8FF30}.Release|x64.ActiveCfg = Release|x64
		{09A92DA5-B1CC-39D7-A36F-2B344AA8FF30}.MinSizeRel|x64.ActiveCfg = MinSizeRel|x64
		{09A92DA5-B1CC-39D7-A36F-2B344AA8FF30}.RelWithDebInfo|x64.ActiveCfg = RelWithDebInfo|x64
		{143644AE-10A4-30D5-993F-1D0C086E881B}.Debug|x64.ActiveCfg = Debug|x64
		{143644AE-10A4-30D5-993F-1D0C086E881B}.Debug|x64.Build.0 = Debug|x64
		{143644AE-10A4-30D5-993F-1D0C086E881B}.Release|x64.ActiveCfg = Release|x64
		{143644AE-10A4-30D5-993F-1D0C086E881B}.Release|x64.Build.0 = Release|x64
		{143644AE-10A4-30D5-993F-1D0C086E881B}.MinSizeRel|x64.ActiveCfg = MinSizeRel|x64
		{143644AE-10A4-30D5-993F-1D0C086E881B}.MinSizeRel|x64.Build.0 = MinSizeRel|x64
		{143644AE-10A4-30D5-993F-1D0C086E881B}.RelWithDebInfo|x64.ActiveCfg = RelWithDebInfo|x64
		{143644AE-10A4-30D5-993F-1D0C086E881B}.RelWithDebInfo|x64.Build.0 = RelWithDebInfo|x64
		{7988517D-9229-3042-B429-0CFD08664E21}.Debug|x64.ActiveCfg = Debug|x64
		{7988517D-9229-3042-B429-0CFD08664E21}.Debug|x64.Build.0 = Debug|x64
		{7988517D-9229-3042-B429-0CFD08664E21}.Release|x64.ActiveCfg = Release|x64
		{7988517D-9229-3042-B429-0CFD08664E21}.Release|x64.Build.0 = Release|x64
		{7988517D-9229-3042-B429-0CFD08664E21}.MinSizeRel|x64.ActiveCfg = MinSizeRel|x64
		{7988517D-9229-3042-B429-0CFD08664E21}.MinSizeRel|x64.Build.0 = MinSizeRel|x64
		{7988517D-9229-3042-B429-0CFD08664E21}.RelWithDebInfo|x64.ActiveCfg = RelWithDebInfo|x64
		{7988517D-9229-3042-B429-0CFD08664E21}.RelWithDebInfo|x64.Build.0 = RelWithDebInfo|x64
		{15C2AB72-445E-3642-8328-C56B88524B69}.Debug|x64.ActiveCfg = Debug|x64
		{15C2AB72-445E-3642-8328-C56B88524B69}.Debug|x64.Build.0 = Debug|x64
		{15C2AB72-445E-3642-8328-C56B88524B69}.Release|x64.ActiveCfg = Release|x64
		{15C2AB72-445E-3642-8328-C56B88524B69}.Release|x64.Build.0 = Release|x64
		{15C2AB72-445E-3642-8328-C56B88524B69}.MinSizeRel|x64.ActiveCfg = MinSizeRel|x64
		{15C2AB72-445E-3642-8328-C56B88524B69}.MinSizeRel|x64.Build.0 = MinSizeRel|x64
		{15C2AB72-445E-3642-8328-C56B88524B69}.RelWithDebInfo|x64.ActiveCfg = RelWithDebInfo|x64
		{15C2AB72-445E-3642-8328-C56B88524B69}.RelWithDebInfo|x64.Build.0 = RelWithDebInfo|x64
		{E0D4E886-E0A6-3D21-9B03-AE9FC8E2A661}.Debug|x64.ActiveCfg = Debug|x64
		{E0D4E886-E0A6-3D21-9B03-AE9FC8E2A661}.Debug|x64.Build.0 = Debug|x64
		{E0D4E886-E0A6-3D21-9B03-AE9FC8E2A661}.Release|x64.ActiveCfg = Release|x64
		{E0D4E886-E0A6-3D21-9B03-AE9FC8E2A661}.Release|x64.Build.0 = Release|x64
		{E0D4E886-E0A6-3D21-9B03-AE9FC8E2A661}.MinSizeRel|x64.ActiveCfg = MinSizeRel|x64
		{E0D4E886-E0A6-3D21-9B03-AE9FC8E2A661}.MinSizeRel|x64.Build.0 = MinSizeRel|x64
		{E0D4E886-E0A6-3D21-9B03-AE9FC8E2A661}.RelWithDebInfo|x64.ActiveCfg = RelWithDebInfo|x64
		{E0D4E886-E0A6-3D21-9B03-AE9FC8E2A661}.RelWithDebInfo|x64.Build.0 = RelWithDebInfo|x64
	EndGlobalSection
	GlobalSection(NestedProjects) = preSolution
		{2F491F63-DF8C-3086-A47E-E0E63DDC7083} = {2D16FF99-441F-3E5E-9F91-6364651B47BA}
		{09A92DA5-B1CC-39D7-A36F-2B344AA8FF30} = {2D16FF99-441F-3E5E-9F91-6364651B47BA}
		{143644AE-10A4-30D5-993F-1D0C086E881B} = {2D16FF99-441F-3E5E-9F91-6364651B47BA}
	EndGlobalSection
	GlobalSection(ExtensibilityGlobals) = postSolution
		SolutionGuid = {A8FA2FFB-BEA2-3694-916D-AE03097480BA}
	EndGlobalSection
	GlobalSection(ExtensibilityAddIns) = postSolution
	EndGlobalSection
EndGlobal
